# This file is automatically @generated by Cargo.
# It is not intended for manual editing.
version = 3

[[package]]
name = "can-socket"
version = "0.1.0"
dependencies = [
 "filedesc",
 "libc",
]

[[package]]
name = "filedesc"
version = "0.6.1"
source = "registry+https://github.com/rust-lang/crates.io-index"
checksum = "d784862d0aff7e84b808ecd8291d27fb5df5c5edb279f275944484ac52dd45e1"
dependencies = [
 "libc",
]

[[package]]
name = "libc"
version = "0.2.148"
source = "registry+https://github.com/rust-lang/crates.io-index"
checksum = "9cdc71e17332e86d2e1d38c1f99edcb6288ee11b815fb1a4b049eaa2114d369b"
